
Microsoft Visual Studio Solution File, Format Version 12.00
# Visual Studio Version 16
VisualStudioVersion = 16.0.32228.343
MinimumVisualStudioVersion = 10.0.40219.1
Project("{FAE04EC0-301F-11D3-BF4B-00C04F79EFBC}") = "ConsoleAppTerza01", "ConsoleAppTerza01.csproj", "{04700EDF-BEF2-42AB-AD27-7E8CF8A9667D}"
EndProject
Global
	GlobalSection(SolutionConfigurationPlatforms) = preSolution
		Debug|Any CPU = Debug|Any CPU
		Release|Any CPU = Release|Any CPU
	EndGlobalSection
	GlobalSection(ProjectConfigurationPlatforms) = postSolution
		{04700EDF-BEF2-42AB-AD27-7E8CF8A9667D}.Debug|Any CPU.ActiveCfg = Debug|Any CPU
		{04700EDF-BEF2-42AB-AD27-7E8CF8A9667D}.Debug|Any CPU.Build.0 = Debug|Any CPU
		{04700EDF-BEF2-42AB-AD27-7E8CF8A9667D}.Release|Any CPU.ActiveCfg = Release|Any CPU
		{04700EDF-BEF2-42AB-AD27-7E8CF8A9667D}.Release|Any CPU.Build.0 = Release|Any CPU
	EndGlobalSection
	GlobalSection(SolutionProperties) = preSolution
		HideSolutionNode = FALSE
	EndGlobalSection
	GlobalSection(ExtensibilityGlobals) = postSolution
		SolutionGuid = {7EBD9B10-4B35-46D2-8901-8DF930DFFDEB}
	EndGlobalSection
EndGlobal
